
Microsoft Visual Studio Solution File, Format Version 12.00
# Visual Studio Version 16
VisualStudioVersion = 16.0.31005.135
MinimumVisualStudioVersion = 10.0.40219.1
Project("{FAE04EC0-301F-11D3-BF4B-00C04F79EFBC}") = "Practica5", "Practica5.csproj", "{3C7629BF-D593-4A56-A754-D90B7ED772FD}"
EndProject
Global
	GlobalSection(SolutionConfigurationPlatforms) = preSolution
		Debug|Any CPU = Debug|Any CPU
		Release|Any CPU = Release|Any CPU
	EndGlobalSection
	GlobalSection(ProjectConfigurationPlatforms) = postSolution
		{3C7629BF-D593-4A56-A754-D90B7ED772FD}.Debug|Any CPU.ActiveCfg = Debug|Any CPU
		{3C7629BF-D593-4A56-A754-D90B7ED772FD}.Debug|Any CPU.Build.0 = Debug|Any CPU
		{3C7629BF-D593-4A56-A754-D90B7ED772FD}.Release|Any CPU.ActiveCfg = Release|Any CPU
		{3C7629BF-D593-4A56-A754-D90B7ED772FD}.Release|Any CPU.Build.0 = Release|Any CPU
	EndGlobalSection
	GlobalSection(SolutionProperties) = preSolution
		HideSolutionNode = FALSE
	EndGlobalSection
	GlobalSection(ExtensibilityGlobals) = postSolution
		SolutionGuid = {1C4B3F90-3AE6-4F77-837C-5E4E019EEF3A}
	EndGlobalSection
EndGlobal
